
Microsoft Visual Studio Solution File, Format Version 12.00
# Visual Studio 15
VisualStudioVersion = 15.0.27130.2003
MinimumVisualStudioVersion = 10.0.40219.1
Project("{FAE04EC0-301F-11D3-BF4B-00C04F79EFBC}") = "ProjectUtilsExtension", "ProjectUtilsExtension\ProjectUtilsExtension.csproj", "{F8D8894C-9829-423A-BCF4-5942FD330157}"
EndProject
Global
	GlobalSection(SolutionConfigurationPlatforms) = preSolution
		Debug|Any CPU = Debug|Any CPU
		Release|Any CPU = Release|Any CPU
	EndGlobalSection
	GlobalSection(ProjectConfigurationPlatforms) = postSolution
		{F8D8894C-9829-423A-BCF4-5942FD330157}.Debug|Any CPU.ActiveCfg = Debug|Any CPU
		{F8D8894C-9829-423A-BCF4-5942FD330157}.Debug|Any CPU.Build.0 = Debug|Any CPU
		{F8D8894C-9829-423A-BCF4-5942FD330157}.Release|Any CPU.ActiveCfg = Release|Any CPU
		{F8D8894C-9829-423A-BCF4-5942FD330157}.Release|Any CPU.Build.0 = Release|Any CPU
	EndGlobalSection
	GlobalSection(SolutionProperties) = preSolution
		HideSolutionNode = FALSE
	EndGlobalSection
	GlobalSection(ExtensibilityGlobals) = postSolution
		SolutionGuid = {8444AC28-6B8D-4C81-ACC5-B4FF513007C5}
	EndGlobalSection
EndGlobal
